// !$*UTF8*$!
{
	archiveVersion = 1;
	classes = {
	};
	objectVersion = 50;
	objects = {

/* Begin PBXBuildFile section */
		504BFA8C2388E78400FB8B9A /* AppDelegate.swift in Sources */ = {isa = PBXBuildFile; fileRef = 504BFA8B2388E78400FB8B9A /* AppDelegate.swift */; };
		504BFA8E2388E78400FB8B9A /* SceneDelegate.swift in Sources */ = {isa = PBXBuildFile; fileRef = 504BFA8D2388E78400FB8B9A /* SceneDelegate.swift */; };
		504BFA922388E78400FB8B9A /* Assets.xcassets in Resources */ = {isa = PBXBuildFile; fileRef = 504BFA912388E78400FB8B9A /* Assets.xcassets */; };
		504BFA952388E78400FB8B9A /* Preview Assets.xcassets in Resources */ = {isa = PBXBuildFile; fileRef = 504BFA942388E78400FB8B9A /* Preview Assets.xcassets */; };
		504BFA982388E78400FB8B9A /* LaunchScreen.storyboard in Resources */ = {isa = PBXBuildFile; fileRef = 504BFA962388E78400FB8B9A /* LaunchScreen.storyboard */; };
		504BFAA22388F31B00FB8B9A /* RegisterView.swift in Sources */ = {isa = PBXBuildFile; fileRef = 504BFAA12388F31B00FB8B9A /* RegisterView.swift */; };
		504BFACB23891A3D00FB8B9A /* WelcomeView.swift in Sources */ = {isa = PBXBuildFile; fileRef = 504BFACA23891A3D00FB8B9A /* WelcomeView.swift */; };
		504BFACF239B8A2800FB8B9A /* WelcomeBackgroundImage.swift in Sources */ = {isa = PBXBuildFile; fileRef = 504BFACE239B8A2800FB8B9A /* WelcomeBackgroundImage.swift */; };
		504BFAD1239B8B2400FB8B9A /* LogoImage.swift in Sources */ = {isa = PBXBuildFile; fileRef = 504BFAD0239B8B2400FB8B9A /* LogoImage.swift */; };
		504BFAD3239B8BF500FB8B9A /* WelcomeMessageView.swift in Sources */ = {isa = PBXBuildFile; fileRef = 504BFAD2239B8BF500FB8B9A /* WelcomeMessageView.swift */; };
		504BFAD7239BAAA400FB8B9A /* BorderedViewModifier.swift in Sources */ = {isa = PBXBuildFile; fileRef = 504BFAD6239BAAA400FB8B9A /* BorderedViewModifier.swift */; };
		504BFADA239BB4EC00FB8B9A /* KeyboardFollower.swift in Sources */ = {isa = PBXBuildFile; fileRef = 504BFAD9239BB4EC00FB8B9A /* KeyboardFollower.swift */; };
		504BFADC239BBF0200FB8B9A /* SubmitButton.swift in Sources */ = {isa = PBXBuildFile; fileRef = 504BFADB239BBF0200FB8B9A /* SubmitButton.swift */; };
		504BFADF239BD33900FB8B9A /* Profile.swift in Sources */ = {isa = PBXBuildFile; fileRef = 504BFADE239BD33900FB8B9A /* Profile.swift */; };
		504BFAE1239BD3B600FB8B9A /* Settings.swift in Sources */ = {isa = PBXBuildFile; fileRef = 504BFAE0239BD3B600FB8B9A /* Settings.swift */; };
		504BFAE3239BD41000FB8B9A /* UserManager.swift in Sources */ = {isa = PBXBuildFile; fileRef = 504BFAE2239BD41000FB8B9A /* UserManager.swift */; };
		505F327423A4935B00F5AE1A /* DemoView.swift in Sources */ = {isa = PBXBuildFile; fileRef = 505F327323A4935B00F5AE1A /* DemoView.swift */; };
		5065B16F23B6F3C00020E01B /* CongratulationView.swift in Sources */ = {isa = PBXBuildFile; fileRef = 5065B16E23B6F3C00020E01B /* CongratulationView.swift */; };
		50F40CCA23B703C200C9266E /* ChallengesViewModel.swift in Sources */ = {isa = PBXBuildFile; fileRef = 50F40CC923B703C200C9266E /* ChallengesViewModel.swift */; };
/* End PBXBuildFile section */

/* Begin PBXFileReference section */
		504BFA882388E78300FB8B9A /* Kuchi.app */ = {isa = PBXFileReference; explicitFileType = wrapper.application; includeInIndex = 0; path = Kuchi.app; sourceTree = BUILT_PRODUCTS_DIR; };
		504BFA8B2388E78400FB8B9A /* AppDelegate.swift */ = {isa = PBXFileReference; lastKnownFileType = sourcecode.swift; path = AppDelegate.swift; sourceTree = "<group>"; };
		504BFA8D2388E78400FB8B9A /* SceneDelegate.swift */ = {isa = PBXFileReference; lastKnownFileType = sourcecode.swift; path = SceneDelegate.swift; sourceTree = "<group>"; };
		504BFA912388E78400FB8B9A /* Assets.xcassets */ = {isa = PBXFileReference; lastKnownFileType = folder.assetcatalog; path = Assets.xcassets; sourceTree = "<group>"; };
		504BFA942388E78400FB8B9A /* Preview Assets.xcassets */ = {isa = PBXFileReference; lastKnownFileType = folder.assetcatalog; path = "Preview Assets.xcassets"; sourceTree = "<group>"; };
		504BFA972388E78400FB8B9A /* Base */ = {isa = PBXFileReference; lastKnownFileType = file.storyboard; name = Base; path = Base.lproj/LaunchScreen.storyboard; sourceTree = "<group>"; };
		504BFA992388E78400FB8B9A /* Info.plist */ = {isa = PBXFileReference; lastKnownFileType = text.plist.xml; path = Info.plist; sourceTree = "<group>"; };
		504BFAA12388F31B00FB8B9A /* RegisterView.swift */ = {isa = PBXFileReference; lastKnownFileType = sourcecode.swift; path = RegisterView.swift; sourceTree = "<group>"; };
		504BFACA23891A3D00FB8B9A /* WelcomeView.swift */ = {isa = PBXFileReference; lastKnownFileType = sourcecode.swift; path = WelcomeView.swift; sourceTree = "<group>"; };
		504BFACE239B8A2800FB8B9A /* WelcomeBackgroundImage.swift */ = {isa = PBXFileReference; lastKnownFileType = sourcecode.swift; path = WelcomeBackgroundImage.swift; sourceTree = "<group>"; };
		504BFAD0239B8B2400FB8B9A /* LogoImage.swift */ = {isa = PBXFileReference; lastKnownFileType = sourcecode.swift; path = LogoImage.swift; sourceTree = "<group>"; };
		504BFAD2239B8BF500FB8B9A /* WelcomeMessageView.swift */ = {isa = PBXFileReference; lastKnownFileType = sourcecode.swift; path = WelcomeMessageView.swift; sourceTree = "<group>"; };
		504BFAD6239BAAA400FB8B9A /* BorderedViewModifier.swift */ = {isa = PBXFileReference; lastKnownFileType = sourcecode.swift; path = BorderedViewModifier.swift; sourceTree = "<group>"; };
		504BFAD9239BB4EC00FB8B9A /* KeyboardFollower.swift */ = {isa = PBXFileReference; lastKnownFileType = sourcecode.swift; path = KeyboardFollower.swift; sourceTree = "<group>"; };
		504BFADB239BBF0200FB8B9A /* SubmitButton.swift */ = {isa = PBXFileReference; lastKnownFileType = sourcecode.swift; path = SubmitButton.swift; sourceTree = "<group>"; };
		504BFADE239BD33900FB8B9A /* Profile.swift */ = {isa = PBXFileReference; lastKnownFileType = sourcecode.swift; path = Profile.swift; sourceTree = "<group>"; };
		504BFAE0239BD3B600FB8B9A /* Settings.swift */ = {isa = PBXFileReference; lastKnownFileType = sourcecode.swift; path = Settings.swift; sourceTree = "<group>"; };
		504BFAE2239BD41000FB8B9A /* UserManager.swift */ = {isa = PBXFileReference; lastKnownFileType = sourcecode.swift; path = UserManager.swift; sourceTree = "<group>"; };
		505F327323A4935B00F5AE1A /* DemoView.swift */ = {isa = PBXFileReference; lastKnownFileType = sourcecode.swift; path = DemoView.swift; sourceTree = "<group>"; };
		5065B16E23B6F3C00020E01B /* CongratulationView.swift */ = {isa = PBXFileReference; lastKnownFileType = sourcecode.swift; path = CongratulationView.swift; sourceTree = "<group>"; };
		50F40CC923B703C200C9266E /* ChallengesViewModel.swift */ = {isa = PBXFileReference; lastKnownFileType = sourcecode.swift; path = ChallengesViewModel.swift; sourceTree = "<group>"; };
/* End PBXFileReference section */

/* Begin PBXFrameworksBuildPhase section */
		504BFA852388E78300FB8B9A /* Frameworks */ = {
			isa = PBXFrameworksBuildPhase;
			buildActionMask = 2147483647;
			files = (
			);
			runOnlyForDeploymentPostprocessing = 0;
		};
/* End PBXFrameworksBuildPhase section */

/* Begin PBXGroup section */
		504BFA7F2388E78300FB8B9A = {
			isa = PBXGroup;
			children = (
				504BFA8A2388E78400FB8B9A /* Kuchi */,
				504BFA892388E78300FB8B9A /* Products */,
			);
			sourceTree = "<group>";
		};
		504BFA892388E78300FB8B9A /* Products */ = {
			isa = PBXGroup;
			children = (
				504BFA882388E78300FB8B9A /* Kuchi.app */,
			);
			name = Products;
			sourceTree = "<group>";
		};
		504BFA8A2388E78400FB8B9A /* Kuchi */ = {
			isa = PBXGroup;
			children = (
				50F40CC823B702D600C9266E /* Domain */,
				504BFADD239BD32300FB8B9A /* Profile */,
				504BFAD8239BB4E300FB8B9A /* Utils */,
				504BFAD4239B9B3400FB8B9A /* Welcome */,
				504BFA8B2388E78400FB8B9A /* AppDelegate.swift */,
				505F327323A4935B00F5AE1A /* DemoView.swift */,
				504BFA8D2388E78400FB8B9A /* SceneDelegate.swift */,
				5065B16E23B6F3C00020E01B /* CongratulationView.swift */,
				504BFA912388E78400FB8B9A /* Assets.xcassets */,
				504BFA962388E78400FB8B9A /* LaunchScreen.storyboard */,
				504BFA992388E78400FB8B9A /* Info.plist */,
				504BFA932388E78400FB8B9A /* Preview Content */,
			);
			path = Kuchi;
			sourceTree = "<group>";
		};
		504BFA932388E78400FB8B9A /* Preview Content */ = {
			isa = PBXGroup;
			children = (
				504BFA942388E78400FB8B9A /* Preview Assets.xcassets */,
			);
			path = "Preview Content";
			sourceTree = "<group>";
		};
		504BFAD4239B9B3400FB8B9A /* Welcome */ = {
			isa = PBXGroup;
			children = (
				504BFAD5239B9BAD00FB8B9A /* Component */,
				504BFAA12388F31B00FB8B9A /* RegisterView.swift */,
				504BFACA23891A3D00FB8B9A /* WelcomeView.swift */,
			);
			path = Welcome;
			sourceTree = "<group>";
		};
		504BFAD5239B9BAD00FB8B9A /* Component */ = {
			isa = PBXGroup;
			children = (
				504BFAD2239B8BF500FB8B9A /* WelcomeMessageView.swift */,
				504BFACE239B8A2800FB8B9A /* WelcomeBackgroundImage.swift */,
				504BFAD0239B8B2400FB8B9A /* LogoImage.swift */,
				504BFAD6239BAAA400FB8B9A /* BorderedViewModifier.swift */,
				504BFADB239BBF0200FB8B9A /* SubmitButton.swift */,
			);
			path = Component;
			sourceTree = "<group>";
		};
		504BFAD8239BB4E300FB8B9A /* Utils */ = {
			isa = PBXGroup;
			children = (
				504BFAD9239BB4EC00FB8B9A /* KeyboardFollower.swift */,
			);
			path = Utils;
			sourceTree = "<group>";
		};
		504BFADD239BD32300FB8B9A /* Profile */ = {
			isa = PBXGroup;
			children = (
				504BFADE239BD33900FB8B9A /* Profile.swift */,
				504BFAE0239BD3B600FB8B9A /* Settings.swift */,
			);
			path = Profile;
			sourceTree = "<group>";
		};
		50F40CC823B702D600C9266E /* Domain */ = {
			isa = PBXGroup;
			children = (
				504BFAE2239BD41000FB8B9A /* UserManager.swift */,
				50F40CC923B703C200C9266E /* ChallengesViewModel.swift */,
			);
			path = Domain;
			sourceTree = "<group>";
		};
/* End PBXGroup section */

/* Begin PBXNativeTarget section */
		504BFA872388E78300FB8B9A /* Kuchi */ = {
			isa = PBXNativeTarget;
			buildConfigurationList = 504BFA9C2388E78400FB8B9A /* Build configuration list for PBXNativeTarget "Kuchi" */;
			buildPhases = (
				504BFA842388E78300FB8B9A /* Sources */,
				504BFA852388E78300FB8B9A /* Frameworks */,
				504BFA862388E78300FB8B9A /* Resources */,
			);
			buildRules = (
			);
			dependencies = (
			);
			name = Kuchi;
			productName = Kuchi;
			productReference = 504BFA882388E78300FB8B9A /* Kuchi.app */;
			productType = "com.apple.product-type.application";
		};
/* End PBXNativeTarget section */

/* Begin PBXProject section */
		504BFA802388E78300FB8B9A /* Project object */ = {
			isa = PBXProject;
			attributes = {
				LastSwiftUpdateCheck = 1100;
				LastUpgradeCheck = 1100;
				ORGANIZATIONNAME = iossocket;
				TargetAttributes = {
					504BFA872388E78300FB8B9A = {
						CreatedOnToolsVersion = 11.0;
					};
				};
			};
			buildConfigurationList = 504BFA832388E78300FB8B9A /* Build configuration list for PBXProject "Kuchi" */;
			compatibilityVersion = "Xcode 9.3";
			developmentRegion = en;
			hasScannedForEncodings = 0;
			knownRegions = (
				en,
				Base,
			);
			mainGroup = 504BFA7F2388E78300FB8B9A;
			productRefGroup = 504BFA892388E78300FB8B9A /* Products */;
			projectDirPath = "";
			projectRoot = "";
			targets = (
				504BFA872388E78300FB8B9A /* Kuchi */,
			);
		};
/* End PBXProject section */

/* Begin PBXResourcesBuildPhase section */
		504BFA862388E78300FB8B9A /* Resources */ = {
			isa = PBXResourcesBuildPhase;
			buildActionMask = 2147483647;
			files = (
				504BFA982388E78400FB8B9A /* LaunchScreen.storyboard in Resources */,
				504BFA952388E78400FB8B9A /* Preview Assets.xcassets in Resources */,
				504BFA922388E78400FB8B9A /* Assets.xcassets in Resources */,
			);
			runOnlyForDeploymentPostprocessing = 0;
		};
/* End PBXResourcesBuildPhase section */

/* Begin PBXSourcesBuildPhase section */
		504BFA842388E78300FB8B9A /* Sources */ = {
			isa = PBXSourcesBuildPhase;
			buildActionMask = 2147483647;
			files = (
				504BFA8C2388E78400FB8B9A /* AppDelegate.swift in Sources */,
				5065B16F23B6F3C00020E01B /* CongratulationView.swift in Sources */,
				504BFAD7239BAAA400FB8B9A /* BorderedViewModifier.swift in Sources */,
				504BFACB23891A3D00FB8B9A /* WelcomeView.swift in Sources */,
				504BFAE3239BD41000FB8B9A /* UserManager.swift in Sources */,
				504BFADA239BB4EC00FB8B9A /* KeyboardFollower.swift in Sources */,
				50F40CCA23B703C200C9266E /* ChallengesViewModel.swift in Sources */,
				504BFAD3239B8BF500FB8B9A /* WelcomeMessageView.swift in Sources */,
				504BFAD1239B8B2400FB8B9A /* LogoImage.swift in Sources */,
				504BFAE1239BD3B600FB8B9A /* Settings.swift in Sources */,
				504BFADC239BBF0200FB8B9A /* SubmitButton.swift in Sources */,
				504BFAA22388F31B00FB8B9A /* RegisterView.swift in Sources */,
				504BFADF239BD33900FB8B9A /* Profile.swift in Sources */,
				504BFA8E2388E78400FB8B9A /* SceneDelegate.swift in Sources */,
				504BFACF239B8A2800FB8B9A /* WelcomeBackgroundImage.swift in Sources */,
				505F327423A4935B00F5AE1A /* DemoView.swift in Sources */,
			);
			runOnlyForDeploymentPostprocessing = 0;
		};
/* End PBXSourcesBuildPhase section */

/* Begin PBXVariantGroup section */
		504BFA962388E78400FB8B9A /* LaunchScreen.storyboard */ = {
			isa = PBXVariantGroup;
			children = (
				504BFA972388E78400FB8B9A /* Base */,
			);
			name = LaunchScreen.storyboard;
			sourceTree = "<group>";
		};
/* End PBXVariantGroup section */

/* Begin XCBuildConfiguration section */
		504BFA9A2388E78400FB8B9A /* Debug */ = {
			isa = XCBuildConfiguration;
			buildSettings = {
				ALWAYS_SEARCH_USER_PATHS = NO;
				CLANG_ANALYZER_NONNULL = YES;
				CLANG_ANALYZER_NUMBER_OBJECT_CONVERSION = YES_AGGRESSIVE;
				CLANG_CXX_LANGUAGE_STANDARD = "gnu++14";
				CLANG_CXX_LIBRARY = "libc++";
				CLANG_ENABLE_MODULES = YES;
				CLANG_ENABLE_OBJC_ARC = YES;
				CLANG_ENABLE_OBJC_WEAK = YES;
				CLANG_WARN_BLOCK_CAPTURE_AUTORELEASING = YES;
				CLANG_WARN_BOOL_CONVERSION = YES;
				CLANG_WARN_COMMA = YES;
				CLANG_WARN_CONSTANT_CONVERSION = YES;
				CLANG_WARN_DEPRECATED_OBJC_IMPLEMENTATIONS = YES;
				CLANG_WARN_DIRECT_OBJC_ISA_USAGE = YES_ERROR;
				CLANG_WARN_DOCUMENTATION_COMMENTS = YES;
				CLANG_WARN_EMPTY_BODY = YES;
				CLANG_WARN_ENUM_CONVERSION = YES;
				CLANG_WARN_INFINITE_RECURSION = YES;
				CLANG_WARN_INT_CONVERSION = YES;
				CLANG_WARN_NON_LITERAL_NULL_CONVERSION = YES;
				CLANG_WARN_OBJC_IMPLICIT_RETAIN_SELF = YES;
				CLANG_WARN_OBJC_LITERAL_CONVERSION = YES;
				CLANG_WARN_OBJC_ROOT_CLASS = YES_ERROR;
				CLANG_WARN_RANGE_LOOP_ANALYSIS = YES;
				CLANG_WARN_STRICT_PROTOTYPES = YES;
				CLANG_WARN_SUSPICIOUS_MOVE = YES;
				CLANG_WARN_UNGUARDED_AVAILABILITY = YES_AGGRESSIVE;
				CLANG_WARN_UNREACHABLE_CODE = YES;
				CLANG_WARN__DUPLICATE_METHOD_MATCH = YES;
				COPY_PHASE_STRIP = NO;
				DEBUG_INFORMATION_FORMAT = dwarf;
				ENABLE_STRICT_OBJC_MSGSEND = YES;
				ENABLE_TESTABILITY = YES;
				GCC_C_LANGUAGE_STANDARD = gnu11;
				GCC_DYNAMIC_NO_PIC = NO;
				GCC_NO_COMMON_BLOCKS = YES;
				GCC_OPTIMIZATION_LEVEL = 0;
				GCC_PREPROCESSOR_DEFINITIONS = (
					"DEBUG=1",
					"$(inherited)",
				);
				GCC_WARN_64_TO_32_BIT_CONVERSION = YES;
				GCC_WARN_ABOUT_RETURN_TYPE = YES_ERROR;
				GCC_WARN_UNDECLARED_SELECTOR = YES;
				GCC_WARN_UNINITIALIZED_AUTOS = YES_AGGRESSIVE;
				GCC_WARN_UNUSED_FUNCTION = YES;
				GCC_WARN_UNUSED_VARIABLE = YES;
				IPHONEOS_DEPLOYMENT_TARGET = 13.0;
				MTL_ENABLE_DEBUG_INFO = INCLUDE_SOURCE;
				MTL_FAST_MATH = YES;
				ONLY_ACTIVE_ARCH = YES;
				SDKROOT = iphoneos;
				SWIFT_ACTIVE_COMPILATION_CONDITIONS = DEBUG;
				SWIFT_OPTIMIZATION_LEVEL = "-Onone";
			};
			name = Debug;
		};
		504BFA9B2388E78400FB8B9A /* Release */ = {
			isa = XCBuildConfiguration;
			buildSettings = {
				ALWAYS_SEARCH_USER_PATHS = NO;
				CLANG_ANALYZER_NONNULL = YES;
				CLANG_ANALYZER_NUMBER_OBJECT_CONVERSION = YES_AGGRESSIVE;
				CLANG_CXX_LANGUAGE_STANDARD = "gnu++14";
				CLANG_CXX_LIBRARY = "libc++";
				CLANG_ENABLE_MODULES = YES;
				CLANG_ENABLE_OBJC_ARC = YES;
				CLANG_ENABLE_OBJC_WEAK = YES;
				CLANG_WARN_BLOCK_CAPTURE_AUTORELEASING = YES;
				CLANG_WARN_BOOL_CONVERSION = YES;
				CLANG_WARN_COMMA = YES;
				CLANG_WARN_CONSTANT_CONVERSION = YES;
				CLANG_WARN_DEPRECATED_OBJC_IMPLEMENTATIONS = YES;
				CLANG_WARN_DIRECT_OBJC_ISA_USAGE = YES_ERROR;
				CLANG_WARN_DOCUMENTATION_COMMENTS = YES;
				CLANG_WARN_EMPTY_BODY = YES;
				CLANG_WARN_ENUM_CONVERSION = YES;
				CLANG_WARN_INFINITE_RECURSION = YES;
				CLANG_WARN_INT_CONVERSION = YES;
				CLANG_WARN_NON_LITERAL_NULL_CONVERSION = YES;
				CLANG_WARN_OBJC_IMPLICIT_RETAIN_SELF = YES;
				CLANG_WARN_OBJC_LITERAL_CONVERSION = YES;
				CLANG_WARN_OBJC_ROOT_CLASS = YES_ERROR;
				CLANG_WARN_RANGE_LOOP_ANALYSIS = YES;
				CLANG_WARN_STRICT_PROTOTYPES = YES;
				CLANG_WARN_SUSPICIOUS_MOVE = YES;
				CLANG_WARN_UNGUARDED_AVAILABILITY = YES_AGGRESSIVE;
				CLANG_WARN_UNREACHABLE_CODE = YES;
				CLANG_WARN__DUPLICATE_METHOD_MATCH = YES;
				COPY_PHASE_STRIP = NO;
				DEBUG_INFORMATION_FORMAT = "dwarf-with-dsym";
				ENABLE_NS_ASSERTIONS = NO;
				ENABLE_STRICT_OBJC_MSGSEND = YES;
				GCC_C_LANGUAGE_STANDARD = gnu11;
				GCC_NO_COMMON_BLOCKS = YES;
				GCC_WARN_64_TO_32_BIT_CONVERSION = YES;
				GCC_WARN_ABOUT_RETURN_TYPE = YES_ERROR;
				GCC_WARN_UNDECLARED_SELECTOR = YES;
				GCC_WARN_UNINITIALIZED_AUTOS = YES_AGGRESSIVE;
				GCC_WARN_UNUSED_FUNCTION = YES;
				GCC_WARN_UNUSED_VARIABLE = YES;
				IPHONEOS_DEPLOYMENT_TARGET = 13.0;
				MTL_ENABLE_DEBUG_INFO = NO;
				MTL_FAST_MATH = YES;
				SDKROOT = iphoneos;
				SWIFT_COMPILATION_MODE = wholemodule;
				SWIFT_OPTIMIZATION_LEVEL = "-O";
				VALIDATE_PRODUCT = YES;
			};
			name = Release;
		};
		504BFA9D2388E78400FB8B9A /* Debug */ = {
			isa = XCBuildConfiguration;
			buildSettings = {
				ASSETCATALOG_COMPILER_APPICON_NAME = AppIcon;
				CODE_SIGN_STYLE = Automatic;
				DEVELOPMENT_ASSET_PATHS = "\"Kuchi/Preview Content\"";
				DEVELOPMENT_TEAM = QMP4D362DR;
				ENABLE_PREVIEWS = YES;
				INFOPLIST_FILE = Kuchi/Info.plist;
				LD_RUNPATH_SEARCH_PATHS = (
					"$(inherited)",
					"@executable_path/Frameworks",
				);
				PRODUCT_BUNDLE_IDENTIFIER = com.iossocket.Kuchi;
				PRODUCT_NAME = "$(TARGET_NAME)";
				SWIFT_VERSION = 5.0;
				TARGETED_DEVICE_FAMILY = "1,2";
			};
			name = Debug;
		};
		504BFA9E2388E78400FB8B9A /* Release */ = {
			isa = XCBuildConfiguration;
			buildSettings = {
				ASSETCATALOG_COMPILER_APPICON_NAME = AppIcon;
				CODE_SIGN_STYLE = Automatic;
				DEVELOPMENT_ASSET_PATHS = "\"Kuchi/Preview Content\"";
				DEVELOPMENT_TEAM = QMP4D362DR;
				ENABLE_PREVIEWS = YES;
				INFOPLIST_FILE = Kuchi/Info.plist;
				LD_RUNPATH_SEARCH_PATHS = (
					"$(inherited)",
					"@executable_path/Frameworks",
				);
				PRODUCT_BUNDLE_IDENTIFIER = com.iossocket.Kuchi;
				PRODUCT_NAME = "$(TARGET_NAME)";
				SWIFT_VERSION = 5.0;
				TARGETED_DEVICE_FAMILY = "1,2";
			};
			name = Release;
		};
/* End XCBuildConfiguration section */

/* Begin XCConfigurationList section */
		504BFA832388E78300FB8B9A /* Build configuration list for PBXProject "Kuchi" */ = {
			isa = XCConfigurationList;
			buildConfigurations = (
				504BFA9A2388E78400FB8B9A /* Debug */,
				504BFA9B2388E78400FB8B9A /* Release */,
			);
			defaultConfigurationIsVisible = 0;
			defaultConfigurationName = Release;
		};
		504BFA9C2388E78400FB8B9A /* Build configuration list for PBXNativeTarget "Kuchi" */ = {
			isa = XCConfigurationList;
			buildConfigurations = (
				504BFA9D2388E78400FB8B9A /* Debug */,
				504BFA9E2388E78400FB8B9A /* Release */,
			);
			defaultConfigurationIsVisible = 0;
			defaultConfigurationName = Release;
		};
/* End XCConfigurationList section */
	};
	rootObject = 504BFA802388E78300FB8B9A /* Project object */;
}
